
Microsoft Visual Studio Solution File, Format Version 12.00
# Visual Studio Version 16
VisualStudioVersion = 16.0.29306.81
MinimumVisualStudioVersion = 10.0.40219.1
Project("{FAE04EC0-301F-11D3-BF4B-00C04F79EFBC}") = "Gazi.KazanMyo.Sube2.MerhabaDunyaApp", "Gazi.KazanMyo.Sube2.MerhabaDunyaApp\Gazi.KazanMyo.Sube2.MerhabaDunyaApp.csproj", "{785CA71B-15AD-4DB2-82D5-E0A61C0F7429}"
EndProject
Project("{FAE04EC0-301F-11D3-BF4B-00C04F79EFBC}") = "Gazi.Sube2.TurDonusumleriApp", "Gazi.Sube2.TurDonusumleriApp\Gazi.Sube2.TurDonusumleriApp.csproj", "{AA78BA3F-F124-49BD-A2E9-F3C462A5BE2B}"
EndProject
Project("{FAE04EC0-301F-11D3-BF4B-00C04F79EFBC}") = "Gazi.KazanMyo.KararYapilariApp", "Gazi.KazanMyo.KararYapilariApp\Gazi.KazanMyo.KararYapilariApp.csproj", "{F13D408E-4D43-45DA-B0E4-9F8E45D59A26}"
EndProject
Project("{FAE04EC0-301F-11D3-BF4B-00C04F79EFBC}") = "Gazi.KazanMyo.Sube2.DongulerApp", "Gazi.KazanMyo.Sube2.DongulerApp\Gazi.KazanMyo.Sube2.DongulerApp.csproj", "{B7DDBAE8-CB66-4D52-A198-9F7769735B66}"
EndProject
Global
	GlobalSection(SolutionConfigurationPlatforms) = preSolution
		Debug|Any CPU = Debug|Any CPU
		Release|Any CPU = Release|Any CPU
	EndGlobalSection
	GlobalSection(ProjectConfigurationPlatforms) = postSolution
		{785CA71B-15AD-4DB2-82D5-E0A61C0F7429}.Debug|Any CPU.ActiveCfg = Debug|Any CPU
		{785CA71B-15AD-4DB2-82D5-E0A61C0F7429}.Debug|Any CPU.Build.0 = Debug|Any CPU
		{785CA71B-15AD-4DB2-82D5-E0A61C0F7429}.Release|Any CPU.ActiveCfg = Release|Any CPU
		{785CA71B-15AD-4DB2-82D5-E0A61C0F7429}.Release|Any CPU.Build.0 = Release|Any CPU
		{AA78BA3F-F124-49BD-A2E9-F3C462A5BE2B}.Debug|Any CPU.ActiveCfg = Debug|Any CPU
		{AA78BA3F-F124-49BD-A2E9-F3C462A5BE2B}.Debug|Any CPU.Build.0 = Debug|Any CPU
		{AA78BA3F-F124-49BD-A2E9-F3C462A5BE2B}.Release|Any CPU.ActiveCfg = Release|Any CPU
		{AA78BA3F-F124-49BD-A2E9-F3C462A5BE2B}.Release|Any CPU.Build.0 = Release|Any CPU
		{F13D408E-4D43-45DA-B0E4-9F8E45D59A26}.Debug|Any CPU.ActiveCfg = Debug|Any CPU
		{F13D408E-4D43-45DA-B0E4-9F8E45D59A26}.Debug|Any CPU.Build.0 = Debug|Any CPU
		{F13D408E-4D43-45DA-B0E4-9F8E45D59A26}.Release|Any CPU.ActiveCfg = Release|Any CPU
		{F13D408E-4D43-45DA-B0E4-9F8E45D59A26}.Release|Any CPU.Build.0 = Release|Any CPU
		{B7DDBAE8-CB66-4D52-A198-9F7769735B66}.Debug|Any CPU.ActiveCfg = Debug|Any CPU
		{B7DDBAE8-CB66-4D52-A198-9F7769735B66}.Debug|Any CPU.Build.0 = Debug|Any CPU
		{B7DDBAE8-CB66-4D52-A198-9F7769735B66}.Release|Any CPU.ActiveCfg = Release|Any CPU
		{B7DDBAE8-CB66-4D52-A198-9F7769735B66}.Release|Any CPU.Build.0 = Release|Any CPU
	EndGlobalSection
	GlobalSection(SolutionProperties) = preSolution
		HideSolutionNode = FALSE
	EndGlobalSection
	GlobalSection(ExtensibilityGlobals) = postSolution
		SolutionGuid = {6C24EE02-B230-413B-BF8F-F120EE3A0F98}
	EndGlobalSection
EndGlobal
